
Microsoft Visual Studio Solution File, Format Version 12.00
# Visual Studio Version 16
VisualStudioVersion = 16.0.31005.135
MinimumVisualStudioVersion = 10.0.40219.1
Project("{8BC9CEB8-8B4A-11D0-8D11-00A0C91BC942}") = "Task 2", "Task 2\Task 2.vcxproj", "{9A75340E-2812-4A19-91B4-73850CCEDDAA}"
EndProject
Global
	GlobalSection(SolutionConfigurationPlatforms) = preSolution
		Debug|x64 = Debug|x64
		Debug|x86 = Debug|x86
		Release|x64 = Release|x64
		Release|x86 = Release|x86
	EndGlobalSection
	GlobalSection(ProjectConfigurationPlatforms) = postSolution
		{9A75340E-2812-4A19-91B4-73850CCEDDAA}.Debug|x64.ActiveCfg = Debug|x64
		{9A75340E-2812-4A19-91B4-73850CCEDDAA}.Debug|x64.Build.0 = Debug|x64
		{9A75340E-2812-4A19-91B4-73850CCEDDAA}.Debug|x86.ActiveCfg = Debug|Win32
		{9A75340E-2812-4A19-91B4-73850CCEDDAA}.Debug|x86.Build.0 = Debug|Win32
		{9A75340E-2812-4A19-91B4-73850CCEDDAA}.Release|x64.ActiveCfg = Release|x64
		{9A75340E-2812-4A19-91B4-73850CCEDDAA}.Release|x64.Build.0 = Release|x64
		{9A75340E-2812-4A19-91B4-73850CCEDDAA}.Release|x86.ActiveCfg = Release|Win32
		{9A75340E-2812-4A19-91B4-73850CCEDDAA}.Release|x86.Build.0 = Release|Win32
	EndGlobalSection
	GlobalSection(SolutionProperties) = preSolution
		HideSolutionNode = FALSE
	EndGlobalSection
	GlobalSection(ExtensibilityGlobals) = postSolution
		SolutionGuid = {58C911D9-6E7F-4EDB-82DF-F5218DB90AAE}
	EndGlobalSection
EndGlobal
